#MicroXplorer Configuration settings - do not modify
ADC1.Channel-0\#ChannelRegularConversion=ADC_CHANNEL_3
ADC1.IPParameters=Rank-0\#ChannelRegularConversion,master,Channel-0\#ChannelRegularConversion,SelectedChannel,SamplingTime-0\#ChannelRegularConversion,NbrOfConversionFlag
ADC1.NbrOfConversionFlag=1
ADC1.Rank-0\#ChannelRegularConversion=1
ADC1.SamplingTime-0\#ChannelRegularConversion=ADC_SAMPLINGTIME_COMMON_1
ADC1.SelectedChannel=ADC_CHANNEL_3
ADC1.master=1
CAD.formats=
CAD.pinconfig=
CAD.provider=
File.Version=6
GPIO.groupedBy=Group By Peripherals
I2C1.IPParameters=Timing,NoStretchMode
I2C1.NoStretchMode=I2C_NOSTRETCH_ENABLE
I2C1.Timing=0x2000090E
KeepUserPlacement=false
Mcu.CPN=STM32C011F6U6TR
Mcu.Family=STM32C0
Mcu.IP0=ADC1
Mcu.IP1=CORTEX_M0+
Mcu.IP2=DEBUG
Mcu.IP3=I2C1
Mcu.IP4=NVIC
Mcu.IP5=RCC
Mcu.IP6=SYS
Mcu.IP7=USART1
Mcu.IPNb=8
Mcu.Name=STM32C011F(4-6)Ux
Mcu.Package=UFQFPN20
Mcu.Pin0=PC15-OSCX_OUT (PC15)
Mcu.Pin1=PA3
Mcu.Pin10=VP_SYS_VS_PINREMAP
Mcu.Pin11=VP_SYS_VS_PINREMAP_10_12
Mcu.Pin2=PA9 [PA11]
Mcu.Pin3=PA10 [PA12]
Mcu.Pin4=PA13
Mcu.Pin5=PA14-BOOT0
Mcu.Pin6=PB6
Mcu.Pin7=PB7
Mcu.Pin8=PC14-OSCX_IN (PC14)
Mcu.Pin9=VP_SYS_VS_Systick
Mcu.PinsNb=12
Mcu.ThirdPartyNb=0
Mcu.UserConstants=
Mcu.UserName=STM32C011F6Ux
MxCube.Version=6.11.0
MxDb.Version=DB.6.0.110
NVIC.ForceEnableDMAVector=true
NVIC.HardFault_IRQn=true\:0\:0\:false\:false\:true\:false\:false\:false
NVIC.I2C1_IRQn=true\:0\:0\:false\:false\:true\:true\:true\:true
NVIC.NonMaskableInt_IRQn=true\:0\:0\:false\:false\:true\:false\:true\:false
NVIC.PendSV_IRQn=true\:0\:0\:false\:false\:true\:false\:false\:false
NVIC.SVC_IRQn=true\:0\:0\:false\:false\:true\:false\:false\:true
NVIC.SysTick_IRQn=true\:3\:0\:false\:false\:true\:false\:true\:false
PA10\ [PA12].GPIOParameters=GPIO_Speed
PA10\ [PA12].GPIO_Speed=GPIO_SPEED_FREQ_VERY_HIGH
PA10\ [PA12].Locked=true
PA10\ [PA12].Mode=Asynchronous
PA10\ [PA12].Signal=USART1_RX
PA13.Mode=Serial_Wire
PA13.Signal=DEBUG_SWDIO
PA14-BOOT0.Mode=Serial_Wire
PA14-BOOT0.Signal=DEBUG_SWCLK
PA3.Mode=IN3
PA3.Signal=ADC1_IN3
PA9\ [PA11].GPIOParameters=GPIO_Speed
PA9\ [PA11].GPIO_Speed=GPIO_SPEED_FREQ_VERY_HIGH
PA9\ [PA11].Locked=true
PA9\ [PA11].Mode=Asynchronous
PA9\ [PA11].Signal=USART1_TX
PB6.GPIOParameters=GPIO_Speed
PB6.GPIO_Speed=GPIO_SPEED_FREQ_VERY_HIGH
PB6.Mode=I2C
PB6.Signal=I2C1_SCL
PB7.GPIOParameters=GPIO_Speed
PB7.GPIO_Speed=GPIO_SPEED_FREQ_VERY_HIGH
PB7.Mode=I2C
PB7.Signal=I2C1_SDA
PC14-OSCX_IN\ (PC14).Mode=HSE-External-Oscillator-REMAPPED
PC14-OSCX_IN\ (PC14).Signal=RCC_OSCX_IN
PC15-OSCX_OUT\ (PC15).Mode=HSE-External-Oscillator-REMAPPED
PC15-OSCX_OUT\ (PC15).Signal=RCC_OSCX_OUT
PinOutPanel.RotationAngle=0
ProjectManager.AskForMigrate=true
ProjectManager.BackupPrevious=false
ProjectManager.CompilerOptimize=6
ProjectManager.ComputerToolchain=false
ProjectManager.CoupleFile=false
ProjectManager.CustomerFirmwarePackage=
ProjectManager.DefaultFWLocation=true
ProjectManager.DeletePrevious=true
ProjectManager.DeviceId=STM32C011F6Ux
ProjectManager.FirmwarePackage=STM32Cube FW_C0 V1.1.0
ProjectManager.FreePins=false
ProjectManager.HalAssertFull=false
ProjectManager.HeapSize=0x200
ProjectManager.KeepUserCode=true
ProjectManager.LastFirmware=true
ProjectManager.LibraryCopy=1
ProjectManager.MainLocation=Core/Src
ProjectManager.NoMain=false
ProjectManager.PreviousToolchain=
ProjectManager.ProjectBuild=false
ProjectManager.ProjectFileName=STM32C011F6U_project.ioc
ProjectManager.ProjectName=STM32C011F6U_project
ProjectManager.ProjectStructure=
ProjectManager.RegisterCallBack=
ProjectManager.StackSize=0x400
ProjectManager.TargetToolchain=STM32CubeIDE
ProjectManager.ToolChainLocation=
ProjectManager.UAScriptAfterPath=
ProjectManager.UAScriptBeforePath=
ProjectManager.UnderRoot=true
ProjectManager.functionlistsort=1-SystemClock_Config-RCC-false-HAL-false,2-MX_GPIO_Init-GPIO-false-HAL-true,3-MX_ADC1_Init-ADC1-false-HAL-true,4-MX_I2C1_Init-I2C1-false-HAL-true,5-MX_USART1_UART_Init-USART1-false-HAL-true,0-MX_CORTEX_M0+_Init-CORTEX_M0+-false-HAL-true
RCC.ADCFreq_Value=8000000
RCC.AHBFreq_Value=8000000
RCC.APBFreq_Value=8000000
RCC.APBTimFreq_Value=8000000
RCC.CortexFreq_Value=8000000
RCC.EXTERNAL_CLOCK_VALUE=12288000
RCC.EnbaleCSS=true
RCC.FCLKCortexFreq_Value=8000000
RCC.FamilyName=M
RCC.HCLKFreq_Value=8000000
RCC.HSE_VALUE=8000000
RCC.HSI_VALUE=48000000
RCC.I2C1Freq_Value=8000000
RCC.I2S1Freq_Value=8000000
RCC.IPParameters=ADCFreq_Value,AHBFreq_Value,APBFreq_Value,APBTimFreq_Value,CortexFreq_Value,EXTERNAL_CLOCK_VALUE,EnbaleCSS,FCLKCortexFreq_Value,FamilyName,HCLKFreq_Value,HSE_VALUE,HSI_VALUE,I2C1Freq_Value,I2S1Freq_Value,LSCOPinFreq_Value,LSE_VALUE,LSI_VALUE,MCO1PinFreq_Value,MCO2PinFreq_Value,PWRFreq_Value,SYSCLKFreq_VALUE,SYSCLKSource,USART1Freq_Value
RCC.LSCOPinFreq_Value=32000
RCC.LSE_VALUE=32768
RCC.LSI_VALUE=32000
RCC.MCO1PinFreq_Value=8000000
RCC.MCO2PinFreq_Value=8000000
RCC.PWRFreq_Value=8000000
RCC.SYSCLKFreq_VALUE=8000000
RCC.SYSCLKSource=RCC_SYSCLKSOURCE_HSE
RCC.USART1Freq_Value=8000000
USART1.BaudRate=38400
USART1.DMADisableonRxErrorParam=ADVFEATURE_DMA_DISABLEONRXERROR
USART1.IPParameters=VirtualMode-Asynchronous,DMADisableonRxErrorParam,SwapParam,BaudRate
USART1.SwapParam=ADVFEATURE_SWAP_DISABLE
USART1.VirtualMode-Asynchronous=VM_ASYNC
VP_SYS_VS_PINREMAP.Mode=PINREMAP
VP_SYS_VS_PINREMAP.Signal=SYS_VS_PINREMAP
VP_SYS_VS_PINREMAP_10_12.Mode=PINREMAP_10_12
VP_SYS_VS_PINREMAP_10_12.Signal=SYS_VS_PINREMAP_10_12
VP_SYS_VS_Systick.Mode=SysTick
VP_SYS_VS_Systick.Signal=SYS_VS_Systick
board=custom
isbadioc=false
